// !$*UTF8*$!
{
	archiveVersion = 1;
	classes = {
	};
	objectVersion = 50;
	objects = {

/* Begin PBXBuildFile section */
		7E176FE821F1B52A00D04B72 /* AllMediaImages.xcassets in Resources */ = {isa = PBXBuildFile; fileRef = 7E176FE721F1B52A00D04B72 /* AllMediaImages.xcassets */; };
		7E176FED21F1C78900D04B72 /* Registration.swift in Sources */ = {isa = PBXBuildFile; fileRef = 7E176FEB21F1C78900D04B72 /* Registration.swift */; };
		7E176FEE21F1C78900D04B72 /* Registration.xib in Resources */ = {isa = PBXBuildFile; fileRef = 7E176FEC21F1C78900D04B72 /* Registration.xib */; };
		7E176FF121F1C99700D04B72 /* CoreGraphics.framework in Frameworks */ = {isa = PBXBuildFile; fileRef = 7E176FF021F1C99700D04B72 /* CoreGraphics.framework */; };
		7E176FF321F1C99C00D04B72 /* QuartzCore.framework in Frameworks */ = {isa = PBXBuildFile; fileRef = 7E176FF221F1C99C00D04B72 /* QuartzCore.framework */; };
		7EC7B7DE21F1AAA600A9B632 /* AppDelegate.swift in Sources */ = {isa = PBXBuildFile; fileRef = 7EC7B7DD21F1AAA600A9B632 /* AppDelegate.swift */; };
		7EC7B7E021F1AAA600A9B632 /* ViewController.swift in Sources */ = {isa = PBXBuildFile; fileRef = 7EC7B7DF21F1AAA600A9B632 /* ViewController.swift */; };
		7EC7B7E321F1AAA600A9B632 /* Main.storyboard in Resources */ = {isa = PBXBuildFile; fileRef = 7EC7B7E121F1AAA600A9B632 /* Main.storyboard */; };
		7EC7B7E621F1AAA600A9B632 /* Saudi_Fisheries.xcdatamodeld in Sources */ = {isa = PBXBuildFile; fileRef = 7EC7B7E421F1AAA600A9B632 /* Saudi_Fisheries.xcdatamodeld */; };
		7EC7B7E821F1AAE300A9B632 /* Assets.xcassets in Resources */ = {isa = PBXBuildFile; fileRef = 7EC7B7E721F1AAE300A9B632 /* Assets.xcassets */; };
		7EC7B7EB21F1AAE400A9B632 /* LaunchScreen.storyboard in Resources */ = {isa = PBXBuildFile; fileRef = 7EC7B7E921F1AAE400A9B632 /* LaunchScreen.storyboard */; };
		7EC7B7F521F1B14400A9B632 /* login.swift in Sources */ = {isa = PBXBuildFile; fileRef = 7EC7B7F321F1B14400A9B632 /* login.swift */; };
		7EC7B7F621F1B14400A9B632 /* login.xib in Resources */ = {isa = PBXBuildFile; fileRef = 7EC7B7F421F1B14400A9B632 /* login.xib */; };
/* End PBXBuildFile section */

/* Begin PBXFileReference section */
		7E176FE721F1B52A00D04B72 /* AllMediaImages.xcassets */ = {isa = PBXFileReference; lastKnownFileType = folder.assetcatalog; path = AllMediaImages.xcassets; sourceTree = "<group>"; };
		7E176FEB21F1C78900D04B72 /* Registration.swift */ = {isa = PBXFileReference; lastKnownFileType = sourcecode.swift; path = Registration.swift; sourceTree = "<group>"; };
		7E176FEC21F1C78900D04B72 /* Registration.xib */ = {isa = PBXFileReference; lastKnownFileType = file.xib; path = Registration.xib; sourceTree = "<group>"; };
		7E176FF021F1C99700D04B72 /* CoreGraphics.framework */ = {isa = PBXFileReference; lastKnownFileType = wrapper.framework; name = CoreGraphics.framework; path = System/Library/Frameworks/CoreGraphics.framework; sourceTree = SDKROOT; };
		7E176FF221F1C99C00D04B72 /* QuartzCore.framework */ = {isa = PBXFileReference; lastKnownFileType = wrapper.framework; name = QuartzCore.framework; path = System/Library/Frameworks/QuartzCore.framework; sourceTree = SDKROOT; };
		7EC7B7DA21F1AAA600A9B632 /* Saudi Fisheries.app */ = {isa = PBXFileReference; explicitFileType = wrapper.application; includeInIndex = 0; path = "Saudi Fisheries.app"; sourceTree = BUILT_PRODUCTS_DIR; };
		7EC7B7DD21F1AAA600A9B632 /* AppDelegate.swift */ = {isa = PBXFileReference; lastKnownFileType = sourcecode.swift; path = AppDelegate.swift; sourceTree = "<group>"; };
		7EC7B7DF21F1AAA600A9B632 /* ViewController.swift */ = {isa = PBXFileReference; lastKnownFileType = sourcecode.swift; path = ViewController.swift; sourceTree = "<group>"; };
		7EC7B7E221F1AAA600A9B632 /* Base */ = {isa = PBXFileReference; lastKnownFileType = file.storyboard; name = Base; path = Base.lproj/Main.storyboard; sourceTree = "<group>"; };
		7EC7B7E521F1AAA600A9B632 /* Saudi_Fisheries.xcdatamodel */ = {isa = PBXFileReference; lastKnownFileType = wrapper.xcdatamodel; path = Saudi_Fisheries.xcdatamodel; sourceTree = "<group>"; };
		7EC7B7E721F1AAE300A9B632 /* Assets.xcassets */ = {isa = PBXFileReference; lastKnownFileType = folder.assetcatalog; path = Assets.xcassets; sourceTree = "<group>"; };
		7EC7B7EA21F1AAE400A9B632 /* Base */ = {isa = PBXFileReference; lastKnownFileType = file.storyboard; name = Base; path = Base.lproj/LaunchScreen.storyboard; sourceTree = "<group>"; };
		7EC7B7EC21F1AAE400A9B632 /* Info.plist */ = {isa = PBXFileReference; lastKnownFileType = text.plist.xml; path = Info.plist; sourceTree = "<group>"; };
		7EC7B7F321F1B14400A9B632 /* login.swift */ = {isa = PBXFileReference; lastKnownFileType = sourcecode.swift; path = login.swift; sourceTree = "<group>"; };
		7EC7B7F421F1B14400A9B632 /* login.xib */ = {isa = PBXFileReference; lastKnownFileType = file.xib; path = login.xib; sourceTree = "<group>"; };
/* End PBXFileReference section */

/* Begin PBXFrameworksBuildPhase section */
		7EC7B7D721F1AAA600A9B632 /* Frameworks */ = {
			isa = PBXFrameworksBuildPhase;
			buildActionMask = 2147483647;
			files = (
				7E176FF321F1C99C00D04B72 /* QuartzCore.framework in Frameworks */,
				7E176FF121F1C99700D04B72 /* CoreGraphics.framework in Frameworks */,
			);
			runOnlyForDeploymentPostprocessing = 0;
		};
/* End PBXFrameworksBuildPhase section */

/* Begin PBXGroup section */
		7E176FE921F1B78100D04B72 /* AppDelegate */ = {
			isa = PBXGroup;
			children = (
				7EC7B7DD21F1AAA600A9B632 /* AppDelegate.swift */,
			);
			path = AppDelegate;
			sourceTree = "<group>";
		};
		7E176FEA21F1C75900D04B72 /* Registration */ = {
			isa = PBXGroup;
			children = (
				7E176FEB21F1C78900D04B72 /* Registration.swift */,
				7E176FEC21F1C78900D04B72 /* Registration.xib */,
			);
			path = Registration;
			sourceTree = "<group>";
		};
		7E176FEF21F1C99600D04B72 /* Frameworks */ = {
			isa = PBXGroup;
			children = (
				7E176FF221F1C99C00D04B72 /* QuartzCore.framework */,
				7E176FF021F1C99700D04B72 /* CoreGraphics.framework */,
			);
			name = Frameworks;
			sourceTree = "<group>";
		};
		7EC7B7D121F1AAA500A9B632 = {
			isa = PBXGroup;
			children = (
				7E176FE721F1B52A00D04B72 /* AllMediaImages.xcassets */,
				7E176FEA21F1C75900D04B72 /* Registration */,
				7EC7B7F221F1B12000A9B632 /* login */,
				7E176FE921F1B78100D04B72 /* AppDelegate */,
				7EC7B7DC21F1AAA600A9B632 /* Saudi Fisheries */,
				7EC7B7DB21F1AAA600A9B632 /* Products */,
				7E176FEF21F1C99600D04B72 /* Frameworks */,
			);
			sourceTree = "<group>";
		};
		7EC7B7DB21F1AAA600A9B632 /* Products */ = {
			isa = PBXGroup;
			children = (
				7EC7B7DA21F1AAA600A9B632 /* Saudi Fisheries.app */,
			);
			name = Products;
			sourceTree = "<group>";
		};
		7EC7B7DC21F1AAA600A9B632 /* Saudi Fisheries */ = {
			isa = PBXGroup;
			children = (
				7EC7B7DF21F1AAA600A9B632 /* ViewController.swift */,
				7EC7B7E121F1AAA600A9B632 /* Main.storyboard */,
				7EC7B7E721F1AAE300A9B632 /* Assets.xcassets */,
				7EC7B7E921F1AAE400A9B632 /* LaunchScreen.storyboard */,
				7EC7B7EC21F1AAE400A9B632 /* Info.plist */,
				7EC7B7E421F1AAA600A9B632 /* Saudi_Fisheries.xcdatamodeld */,
			);
			path = "Saudi Fisheries";
			sourceTree = "<group>";
		};
		7EC7B7F221F1B12000A9B632 /* login */ = {
			isa = PBXGroup;
			children = (
				7EC7B7F321F1B14400A9B632 /* login.swift */,
				7EC7B7F421F1B14400A9B632 /* login.xib */,
			);
			path = login;
			sourceTree = "<group>";
		};
/* End PBXGroup section */

/* Begin PBXNativeTarget section */
		7EC7B7D921F1AAA600A9B632 /* Saudi Fisheries */ = {
			isa = PBXNativeTarget;
			buildConfigurationList = 7EC7B7EF21F1AAE400A9B632 /* Build configuration list for PBXNativeTarget "Saudi Fisheries" */;
			buildPhases = (
				7EC7B7D621F1AAA600A9B632 /* Sources */,
				7EC7B7D721F1AAA600A9B632 /* Frameworks */,
				7EC7B7D821F1AAA600A9B632 /* Resources */,
			);
			buildRules = (
			);
			dependencies = (
			);
			name = "Saudi Fisheries";
			productName = "Saudi Fisheries";
			productReference = 7EC7B7DA21F1AAA600A9B632 /* Saudi Fisheries.app */;
			productType = "com.apple.product-type.application";
		};
/* End PBXNativeTarget section */

/* Begin PBXProject section */
		7EC7B7D221F1AAA500A9B632 /* Project object */ = {
			isa = PBXProject;
			attributes = {
				LastSwiftUpdateCheck = 1010;
				LastUpgradeCheck = 1010;
				ORGANIZATIONNAME = SANDIPAN;
				TargetAttributes = {
					7EC7B7D921F1AAA600A9B632 = {
						CreatedOnToolsVersion = 10.1;
					};
				};
			};
			buildConfigurationList = 7EC7B7D521F1AAA600A9B632 /* Build configuration list for PBXProject "Saudi Fisheries" */;
			compatibilityVersion = "Xcode 9.3";
			developmentRegion = en;
			hasScannedForEncodings = 0;
			knownRegions = (
				en,
				Base,
			);
			mainGroup = 7EC7B7D121F1AAA500A9B632;
			productRefGroup = 7EC7B7DB21F1AAA600A9B632 /* Products */;
			projectDirPath = "";
			projectRoot = "";
			targets = (
				7EC7B7D921F1AAA600A9B632 /* Saudi Fisheries */,
			);
		};
/* End PBXProject section */

/* Begin PBXResourcesBuildPhase section */
		7EC7B7D821F1AAA600A9B632 /* Resources */ = {
			isa = PBXResourcesBuildPhase;
			buildActionMask = 2147483647;
			files = (
				7EC7B7EB21F1AAE400A9B632 /* LaunchScreen.storyboard in Resources */,
				7EC7B7E821F1AAE300A9B632 /* Assets.xcassets in Resources */,
				7EC7B7E321F1AAA600A9B632 /* Main.storyboard in Resources */,
				7EC7B7F621F1B14400A9B632 /* login.xib in Resources */,
				7E176FEE21F1C78900D04B72 /* Registration.xib in Resources */,
				7E176FE821F1B52A00D04B72 /* AllMediaImages.xcassets in Resources */,
			);
			runOnlyForDeploymentPostprocessing = 0;
		};
/* End PBXResourcesBuildPhase section */

/* Begin PBXSourcesBuildPhase section */
		7EC7B7D621F1AAA600A9B632 /* Sources */ = {
			isa = PBXSourcesBuildPhase;
			buildActionMask = 2147483647;
			files = (
				7EC7B7E621F1AAA600A9B632 /* Saudi_Fisheries.xcdatamodeld in Sources */,
				7EC7B7E021F1AAA600A9B632 /* ViewController.swift in Sources */,
				7EC7B7DE21F1AAA600A9B632 /* AppDelegate.swift in Sources */,
				7E176FED21F1C78900D04B72 /* Registration.swift in Sources */,
				7EC7B7F521F1B14400A9B632 /* login.swift in Sources */,
			);
			runOnlyForDeploymentPostprocessing = 0;
		};
/* End PBXSourcesBuildPhase section */

/* Begin PBXVariantGroup section */
		7EC7B7E121F1AAA600A9B632 /* Main.storyboard */ = {
			isa = PBXVariantGroup;
			children = (
				7EC7B7E221F1AAA600A9B632 /* Base */,
			);
			name = Main.storyboard;
			sourceTree = "<group>";
		};
		7EC7B7E921F1AAE400A9B632 /* LaunchScreen.storyboard */ = {
			isa = PBXVariantGroup;
			children = (
				7EC7B7EA21F1AAE400A9B632 /* Base */,
			);
			name = LaunchScreen.storyboard;
			sourceTree = "<group>";
		};
/* End PBXVariantGroup section */

/* Begin XCBuildConfiguration section */
		7EC7B7ED21F1AAE400A9B632 /* Debug */ = {
			isa = XCBuildConfiguration;
			buildSettings = {
				ALWAYS_SEARCH_USER_PATHS = NO;
				CLANG_ANALYZER_NONNULL = YES;
				CLANG_ANALYZER_NUMBER_OBJECT_CONVERSION = YES_AGGRESSIVE;
				CLANG_CXX_LANGUAGE_STANDARD = "gnu++14";
				CLANG_CXX_LIBRARY = "libc++";
				CLANG_ENABLE_MODULES = YES;
				CLANG_ENABLE_OBJC_ARC = YES;
				CLANG_ENABLE_OBJC_WEAK = YES;
				CLANG_WARN_BLOCK_CAPTURE_AUTORELEASING = YES;
				CLANG_WARN_BOOL_CONVERSION = YES;
				CLANG_WARN_COMMA = YES;
				CLANG_WARN_CONSTANT_CONVERSION = YES;
				CLANG_WARN_DEPRECATED_OBJC_IMPLEMENTATIONS = YES;
				CLANG_WARN_DIRECT_OBJC_ISA_USAGE = YES_ERROR;
				CLANG_WARN_DOCUMENTATION_COMMENTS = YES;
				CLANG_WARN_EMPTY_BODY = YES;
				CLANG_WARN_ENUM_CONVERSION = YES;
				CLANG_WARN_INFINITE_RECURSION = YES;
				CLANG_WARN_INT_CONVERSION = YES;
				CLANG_WARN_NON_LITERAL_NULL_CONVERSION = YES;
				CLANG_WARN_OBJC_IMPLICIT_RETAIN_SELF = YES;
				CLANG_WARN_OBJC_LITERAL_CONVERSION = YES;
				CLANG_WARN_OBJC_ROOT_CLASS = YES_ERROR;
				CLANG_WARN_RANGE_LOOP_ANALYSIS = YES;
				CLANG_WARN_STRICT_PROTOTYPES = YES;
				CLANG_WARN_SUSPICIOUS_MOVE = YES;
				CLANG_WARN_UNGUARDED_AVAILABILITY = YES_AGGRESSIVE;
				CLANG_WARN_UNREACHABLE_CODE = YES;
				CLANG_WARN__DUPLICATE_METHOD_MATCH = YES;
				CODE_SIGN_IDENTITY = "iPhone Developer";
				COPY_PHASE_STRIP = NO;
				DEBUG_INFORMATION_FORMAT = dwarf;
				ENABLE_STRICT_OBJC_MSGSEND = YES;
				ENABLE_TESTABILITY = YES;
				GCC_C_LANGUAGE_STANDARD = gnu11;
				GCC_DYNAMIC_NO_PIC = NO;
				GCC_NO_COMMON_BLOCKS = YES;
				GCC_OPTIMIZATION_LEVEL = 0;
				GCC_PREPROCESSOR_DEFINITIONS = (
					"DEBUG=1",
					"$(inherited)",
				);
				GCC_WARN_64_TO_32_BIT_CONVERSION = YES;
				GCC_WARN_ABOUT_RETURN_TYPE = YES_ERROR;
				GCC_WARN_UNDECLARED_SELECTOR = YES;
				GCC_WARN_UNINITIALIZED_AUTOS = YES_AGGRESSIVE;
				GCC_WARN_UNUSED_FUNCTION = YES;
				GCC_WARN_UNUSED_VARIABLE = YES;
				IPHONEOS_DEPLOYMENT_TARGET = 10.0;
				MTL_ENABLE_DEBUG_INFO = INCLUDE_SOURCE;
				MTL_FAST_MATH = YES;
				ONLY_ACTIVE_ARCH = YES;
				SDKROOT = iphoneos;
				SWIFT_ACTIVE_COMPILATION_CONDITIONS = DEBUG;
				SWIFT_OPTIMIZATION_LEVEL = "-Onone";
			};
			name = Debug;
		};
		7EC7B7EE21F1AAE400A9B632 /* Release */ = {
			isa = XCBuildConfiguration;
			buildSettings = {
				ALWAYS_SEARCH_USER_PATHS = NO;
				CLANG_ANALYZER_NONNULL = YES;
				CLANG_ANALYZER_NUMBER_OBJECT_CONVERSION = YES_AGGRESSIVE;
				CLANG_CXX_LANGUAGE_STANDARD = "gnu++14";
				CLANG_CXX_LIBRARY = "libc++";
				CLANG_ENABLE_MODULES = YES;
				CLANG_ENABLE_OBJC_ARC = YES;
				CLANG_ENABLE_OBJC_WEAK = YES;
				CLANG_WARN_BLOCK_CAPTURE_AUTORELEASING = YES;
				CLANG_WARN_BOOL_CONVERSION = YES;
				CLANG_WARN_COMMA = YES;
				CLANG_WARN_CONSTANT_CONVERSION = YES;
				CLANG_WARN_DEPRECATED_OBJC_IMPLEMENTATIONS = YES;
				CLANG_WARN_DIRECT_OBJC_ISA_USAGE = YES_ERROR;
				CLANG_WARN_DOCUMENTATION_COMMENTS = YES;
				CLANG_WARN_EMPTY_BODY = YES;
				CLANG_WARN_ENUM_CONVERSION = YES;
				CLANG_WARN_INFINITE_RECURSION = YES;
				CLANG_WARN_INT_CONVERSION = YES;
				CLANG_WARN_NON_LITERAL_NULL_CONVERSION = YES;
				CLANG_WARN_OBJC_IMPLICIT_RETAIN_SELF = YES;
				CLANG_WARN_OBJC_LITERAL_CONVERSION = YES;
				CLANG_WARN_OBJC_ROOT_CLASS = YES_ERROR;
				CLANG_WARN_RANGE_LOOP_ANALYSIS = YES;
				CLANG_WARN_STRICT_PROTOTYPES = YES;
				CLANG_WARN_SUSPICIOUS_MOVE = YES;
				CLANG_WARN_UNGUARDED_AVAILABILITY = YES_AGGRESSIVE;
				CLANG_WARN_UNREACHABLE_CODE = YES;
				CLANG_WARN__DUPLICATE_METHOD_MATCH = YES;
				CODE_SIGN_IDENTITY = "iPhone Developer";
				COPY_PHASE_STRIP = NO;
				DEBUG_INFORMATION_FORMAT = "dwarf-with-dsym";
				ENABLE_NS_ASSERTIONS = NO;
				ENABLE_STRICT_OBJC_MSGSEND = YES;
				GCC_C_LANGUAGE_STANDARD = gnu11;
				GCC_NO_COMMON_BLOCKS = YES;
				GCC_WARN_64_TO_32_BIT_CONVERSION = YES;
				GCC_WARN_ABOUT_RETURN_TYPE = YES_ERROR;
				GCC_WARN_UNDECLARED_SELECTOR = YES;
				GCC_WARN_UNINITIALIZED_AUTOS = YES_AGGRESSIVE;
				GCC_WARN_UNUSED_FUNCTION = YES;
				GCC_WARN_UNUSED_VARIABLE = YES;
				IPHONEOS_DEPLOYMENT_TARGET = 10.0;
				MTL_ENABLE_DEBUG_INFO = NO;
				MTL_FAST_MATH = YES;
				SDKROOT = iphoneos;
				SWIFT_COMPILATION_MODE = wholemodule;
				SWIFT_OPTIMIZATION_LEVEL = "-O";
				VALIDATE_PRODUCT = YES;
			};
			name = Release;
		};
		7EC7B7F021F1AAE400A9B632 /* Debug */ = {
			isa = XCBuildConfiguration;
			buildSettings = {
				ASSETCATALOG_COMPILER_APPICON_NAME = AppIcon;
				CODE_SIGN_STYLE = Automatic;
				DEVELOPMENT_TEAM = 4V4WQ2YLX8;
				INFOPLIST_FILE = "Saudi Fisheries/Info.plist";
				IPHONEOS_DEPLOYMENT_TARGET = 10.0;
				LD_RUNPATH_SEARCH_PATHS = (
					"$(inherited)",
					"@executable_path/Frameworks",
				);
				ONLY_ACTIVE_ARCH = YES;
				PRODUCT_BUNDLE_IDENTIFIER = "com.-.Saudi-Fisheries";
				PRODUCT_NAME = "$(TARGET_NAME)";
				SWIFT_VERSION = 4.2;
				TARGETED_DEVICE_FAMILY = 1;
			};
			name = Debug;
		};
		7EC7B7F121F1AAE400A9B632 /* Release */ = {
			isa = XCBuildConfiguration;
			buildSettings = {
				ASSETCATALOG_COMPILER_APPICON_NAME = AppIcon;
				CODE_SIGN_STYLE = Automatic;
				DEVELOPMENT_TEAM = 4V4WQ2YLX8;
				INFOPLIST_FILE = "Saudi Fisheries/Info.plist";
				IPHONEOS_DEPLOYMENT_TARGET = 10.0;
				LD_RUNPATH_SEARCH_PATHS = (
					"$(inherited)",
					"@executable_path/Frameworks",
				);
				ONLY_ACTIVE_ARCH = YES;
				PRODUCT_BUNDLE_IDENTIFIER = "com.-.Saudi-Fisheries";
				PRODUCT_NAME = "$(TARGET_NAME)";
				SWIFT_VERSION = 4.2;
				TARGETED_DEVICE_FAMILY = 1;
			};
			name = Release;
		};
/* End XCBuildConfiguration section */

/* Begin XCConfigurationList section */
		7EC7B7D521F1AAA600A9B632 /* Build configuration list for PBXProject "Saudi Fisheries" */ = {
			isa = XCConfigurationList;
			buildConfigurations = (
				7EC7B7ED21F1AAE400A9B632 /* Debug */,
				7EC7B7EE21F1AAE400A9B632 /* Release */,
			);
			defaultConfigurationIsVisible = 0;
			defaultConfigurationName = Debug;
		};
		7EC7B7EF21F1AAE400A9B632 /* Build configuration list for PBXNativeTarget "Saudi Fisheries" */ = {
			isa = XCConfigurationList;
			buildConfigurations = (
				7EC7B7F021F1AAE400A9B632 /* Debug */,
				7EC7B7F121F1AAE400A9B632 /* Release */,
			);
			defaultConfigurationIsVisible = 0;
			defaultConfigurationName = Debug;
		};
/* End XCConfigurationList section */

/* Begin XCVersionGroup section */
		7EC7B7E421F1AAA600A9B632 /* Saudi_Fisheries.xcdatamodeld */ = {
			isa = XCVersionGroup;
			children = (
				7EC7B7E521F1AAA600A9B632 /* Saudi_Fisheries.xcdatamodel */,
			);
			currentVersion = 7EC7B7E521F1AAA600A9B632 /* Saudi_Fisheries.xcdatamodel */;
			path = Saudi_Fisheries.xcdatamodeld;
			sourceTree = "<group>";
			versionGroupType = wrapper.xcdatamodel;
		};
/* End XCVersionGroup section */
	};
	rootObject = 7EC7B7D221F1AAA500A9B632 /* Project object */;
}
